Microsoft Visual Studio Solution File, Format Version 12.00
# Visual Studio Version 17
VisualStudioVersion = 17.5.2.0
MinimumVisualStudioVersion = 10.0.40219.1
Project("{FAE04EC0-301F-11D3-BF4B-00C04F79EFBC}") = "obsbot-control", "obsbot-control.csproj", "{67DCDDB4-E343-793B-C5D4-2ADBAABAD51C}"
EndProject
Global
	GlobalSection(SolutionConfigurationPlatforms) = preSolution
		Debug|Any CPU = Debug|Any CPU
		Release|Any CPU = Release|Any CPU
	EndGlobalSection
	GlobalSection(ProjectConfigurationPlatforms) = postSolution
		{67DCDDB4-E343-793B-C5D4-2ADBAABAD51C}.Debug|Any CPU.ActiveCfg = Debug|Any CPU
		{67DCDDB4-E343-793B-C5D4-2ADBAABAD51C}.Debug|Any CPU.Build.0 = Debug|Any CPU
		{67DCDDB4-E343-793B-C5D4-2ADBAABAD51C}.Release|Any CPU.ActiveCfg = Release|Any CPU
		{67DCDDB4-E343-793B-C5D4-2ADBAABAD51C}.Release|Any CPU.Build.0 = Release|Any CPU
	EndGlobalSection
	GlobalSection(SolutionProperties) = preSolution
		HideSolutionNode = FALSE
	EndGlobalSection
	GlobalSection(ExtensibilityGlobals) = postSolution
		SolutionGuid = {B77BD725-6E54-4654-9909-D195691CDD39}
	EndGlobalSection
EndGlobal
